{
  "name": "fc-delpoy",
  "version": "0.0.1",
  "lockfileVersion": 2,
  "requires": true,
  "packages": {
    "": {
      "name": "fc-delpoy",
      "version": "0.0.1",
      "dependencies": {
        "md5-file": "^5.0.0"
      },
      "devDependencies": {}
    },
    "node_modules/md5-file": {
      "version": "5.0.0",
      "resolved": "https://registry.npmmirror.com/md5-file/-/md5-file-5.0.0.tgz",
      "integrity": "sha512-xbEFXCYVWrSx/gEKS1VPlg84h/4L20znVIulKw6kMfmBUAZNAnF00eczz9ICMl+/hjQGo5KSXRxbL/47X3rmMw==",
      "bin": {
        "md5-file": "cli.js"
      },
      "engines": {
        "node": ">=10.13.0"
      }
    }
  },
  "dependencies": {
    "md5-file": {
      "version": "5.0.0",
      "resolved": "https://registry.npmmirror.com/md5-file/-/md5-file-5.0.0.tgz",
      "integrity": "sha512-xbEFXCYVWrSx/gEKS1VPlg84h/4L20znVIulKw6kMfmBUAZNAnF00eczz9ICMl+/hjQGo5KSXRxbL/47X3rmMw=="
    }
  }
}
